
Microsoft Visual Studio Solution File, Format Version 12.00
# Visual Studio Version 17
VisualStudioVersion = 17.4.33205.214
MinimumVisualStudioVersion = 10.0.40219.1
Project("{9A19103F-16F7-4668-BE54-9A1E7A4F7556}") = "DomainLayer", "Domain Layer\DomainLayer.csproj", "{87899871-434A-4B08-AFD1-3A3D70C7032E}"
EndProject
Project("{9A19103F-16F7-4668-BE54-9A1E7A4F7556}") = "RepositoryLayer", "RepositoryLayer\RepositoryLayer.csproj", "{0BBBB9B1-954F-437D-834C-53AADE1A147C}"
EndProject
Project("{9A19103F-16F7-4668-BE54-9A1E7A4F7556}") = "ServiceLayer", "Service Layer\ServiceLayer.csproj", "{0D2B0327-486A-426D-875F-648D7A2A13D3}"
EndProject
Project("{9A19103F-16F7-4668-BE54-9A1E7A4F7556}") = "ApiLayer", "PresentationLayer\ApiLayer.csproj", "{F5F54DA9-618D-461E-8125-44F43805883D}"
EndProject
Project("{9A19103F-16F7-4668-BE54-9A1E7A4F7556}") = "Presentations", "Presentations\Presentations.csproj", "{813413D0-BBB2-4485-A834-0F5C5F0851EB}"
EndProject
Project("{9A19103F-16F7-4668-BE54-9A1E7A4F7556}") = "Frontend", "Frontend\Frontend.csproj", "{C20A497B-0C48-48F0-B347-4766873B757D}"
EndProject
Global
	GlobalSection(SolutionConfigurationPlatforms) = preSolution
		Debug|Any CPU = Debug|Any CPU
		Release|Any CPU = Release|Any CPU
	EndGlobalSection
	GlobalSection(ProjectConfigurationPlatforms) = postSolution
		{87899871-434A-4B08-AFD1-3A3D70C7032E}.Debug|Any CPU.ActiveCfg = Debug|Any CPU
		{87899871-434A-4B08-AFD1-3A3D70C7032E}.Debug|Any CPU.Build.0 = Debug|Any CPU
		{87899871-434A-4B08-AFD1-3A3D70C7032E}.Release|Any CPU.ActiveCfg = Release|Any CPU
		{87899871-434A-4B08-AFD1-3A3D70C7032E}.Release|Any CPU.Build.0 = Release|Any CPU
		{0BBBB9B1-954F-437D-834C-53AADE1A147C}.Debug|Any CPU.ActiveCfg = Debug|Any CPU
		{0BBBB9B1-954F-437D-834C-53AADE1A147C}.Debug|Any CPU.Build.0 = Debug|Any CPU
		{0BBBB9B1-954F-437D-834C-53AADE1A147C}.Release|Any CPU.ActiveCfg = Release|Any CPU
		{0BBBB9B1-954F-437D-834C-53AADE1A147C}.Release|Any CPU.Build.0 = Release|Any CPU
		{0D2B0327-486A-426D-875F-648D7A2A13D3}.Debug|Any CPU.ActiveCfg = Debug|Any CPU
		{0D2B0327-486A-426D-875F-648D7A2A13D3}.Debug|Any CPU.Build.0 = Debug|Any CPU
		{0D2B0327-486A-426D-875F-648D7A2A13D3}.Release|Any CPU.ActiveCfg = Release|Any CPU
		{0D2B0327-486A-426D-875F-648D7A2A13D3}.Release|Any CPU.Build.0 = Release|Any CPU
		{F5F54DA9-618D-461E-8125-44F43805883D}.Debug|Any CPU.ActiveCfg = Debug|Any CPU
		{F5F54DA9-618D-461E-8125-44F43805883D}.Debug|Any CPU.Build.0 = Debug|Any CPU
		{F5F54DA9-618D-461E-8125-44F43805883D}.Release|Any CPU.ActiveCfg = Release|Any CPU
		{F5F54DA9-618D-461E-8125-44F43805883D}.Release|Any CPU.Build.0 = Release|Any CPU
		{813413D0-BBB2-4485-A834-0F5C5F0851EB}.Debug|Any CPU.ActiveCfg = Debug|Any CPU
		{813413D0-BBB2-4485-A834-0F5C5F0851EB}.Debug|Any CPU.Build.0 = Debug|Any CPU
		{813413D0-BBB2-4485-A834-0F5C5F0851EB}.Release|Any CPU.ActiveCfg = Release|Any CPU
		{813413D0-BBB2-4485-A834-0F5C5F0851EB}.Release|Any CPU.Build.0 = Release|Any CPU
		{C20A497B-0C48-48F0-B347-4766873B757D}.Debug|Any CPU.ActiveCfg = Debug|Any CPU
		{C20A497B-0C48-48F0-B347-4766873B757D}.Debug|Any CPU.Build.0 = Debug|Any CPU
		{C20A497B-0C48-48F0-B347-4766873B757D}.Release|Any CPU.ActiveCfg = Release|Any CPU
		{C20A497B-0C48-48F0-B347-4766873B757D}.Release|Any CPU.Build.0 = Release|Any CPU
	EndGlobalSection
	GlobalSection(SolutionProperties) = preSolution
		HideSolutionNode = FALSE
	EndGlobalSection
	GlobalSection(ExtensibilityGlobals) = postSolution
		SolutionGuid = {CFFD313B-87F5-4AE1-BB91-02F3BBA856BC}
	EndGlobalSection
EndGlobal
